
Microsoft Visual Studio Solution File, Format Version 12.00
# Visual Studio Version 16
VisualStudioVersion = 16.0.30104.148
MinimumVisualStudioVersion = 10.0.40219.1
Project("{A07B5EB6-E848-4116-A8D0-A826331D98C6}") = "WebinarFabric", "WebinarFabric\WebinarFabric.sfproj", "{23389B6C-12DE-4E4E-B81B-66124E40E3C2}"
EndProject
Project("{FAE04EC0-301F-11D3-BF4B-00C04F79EFBC}") = "StatefulWebinarService", "StatefulWebinarService\StatefulWebinarService.csproj", "{F921C323-DEE0-4E04-9791-87B9A707F1EF}"
EndProject
Project("{FAE04EC0-301F-11D3-BF4B-00C04F79EFBC}") = "WebApiWebinarService", "WebApiWebinarService\WebApiWebinarService.csproj", "{7B4B2D74-8E0B-453D-82C8-A2A8C0CA5C52}"
EndProject
Project("{FAE04EC0-301F-11D3-BF4B-00C04F79EFBC}") = "WebModels", "WebModels\WebModels.csproj", "{703EAC34-46A5-4B21-868E-7915B471C4F7}"
EndProject
Project("{FAE04EC0-301F-11D3-BF4B-00C04F79EFBC}") = "TopologyService", "TopologyService\TopologyService.csproj", "{0F76A198-AF14-4001-B0AA-496A996CCC37}"
EndProject
Project("{FAE04EC0-301F-11D3-BF4B-00C04F79EFBC}") = "ClusterModels", "ClusterModels\ClusterModels.csproj", "{594355B1-42E8-4229-BB83-16FB06DC588A}"
EndProject
Project("{2150E333-8FDC-42A3-9474-1A3956D46DE8}") = "Services", "Services", "{445FD5D1-0BFA-45F5-A21E-88907B57FEA0}"
EndProject
Project("{2150E333-8FDC-42A3-9474-1A3956D46DE8}") = "Web", "Web", "{243432E2-43CC-4662-81F0-30F032DBDD31}"
EndProject
Project("{2150E333-8FDC-42A3-9474-1A3956D46DE8}") = "Common", "Common", "{9DADA789-44E1-442F-A47C-335462BA969D}"
EndProject
Project("{FAE04EC0-301F-11D3-BF4B-00C04F79EFBC}") = "TrainsService", "TrainsService\TrainsService.csproj", "{841529BE-E01A-4C95-B319-47707D6BF15E}"
EndProject
Project("{FAE04EC0-301F-11D3-BF4B-00C04F79EFBC}") = "RailwaySensorService", "RailwaySensorService\RailwaySensorService.csproj", "{7127DC3C-3BC7-43AE-9CE7-5DF17C866CEE}"
EndProject
Project("{FAE04EC0-301F-11D3-BF4B-00C04F79EFBC}") = "WagonGpsService", "WagonGpsService\WagonGpsService.csproj", "{A8B53DF4-6675-4DC9-9AC7-BB6D91190516}"
EndProject
Project("{FAE04EC0-301F-11D3-BF4B-00C04F79EFBC}") = "ServiceInterfaces", "ServiceInterfaces\ServiceInterfaces.csproj", "{3571FDA9-42DE-4607-843C-1FD7AFADAD2A}"
EndProject
Global
	GlobalSection(SolutionConfigurationPlatforms) = preSolution
		Debug|Any CPU = Debug|Any CPU
		Debug|x64 = Debug|x64
		Release|Any CPU = Release|Any CPU
		Release|x64 = Release|x64
	EndGlobalSection
	GlobalSection(ProjectConfigurationPlatforms) = postSolution
		{23389B6C-12DE-4E4E-B81B-66124E40E3C2}.Debug|Any CPU.ActiveCfg = Debug|x64
		{23389B6C-12DE-4E4E-B81B-66124E40E3C2}.Debug|x64.ActiveCfg = Debug|x64
		{23389B6C-12DE-4E4E-B81B-66124E40E3C2}.Debug|x64.Build.0 = Debug|x64
		{23389B6C-12DE-4E4E-B81B-66124E40E3C2}.Debug|x64.Deploy.0 = Debug|x64
		{23389B6C-12DE-4E4E-B81B-66124E40E3C2}.Release|Any CPU.ActiveCfg = Release|x64
		{23389B6C-12DE-4E4E-B81B-66124E40E3C2}.Release|x64.ActiveCfg = Release|x64
		{23389B6C-12DE-4E4E-B81B-66124E40E3C2}.Release|x64.Build.0 = Release|x64
		{23389B6C-12DE-4E4E-B81B-66124E40E3C2}.Release|x64.Deploy.0 = Release|x64
		{F921C323-DEE0-4E04-9791-87B9A707F1EF}.Debug|Any CPU.ActiveCfg = Debug|Any CPU
		{F921C323-DEE0-4E04-9791-87B9A707F1EF}.Debug|Any CPU.Build.0 = Debug|Any CPU
		{F921C323-DEE0-4E04-9791-87B9A707F1EF}.Debug|x64.ActiveCfg = Debug|Any CPU
		{F921C323-DEE0-4E04-9791-87B9A707F1EF}.Debug|x64.Build.0 = Debug|Any CPU
		{F921C323-DEE0-4E04-9791-87B9A707F1EF}.Release|Any CPU.ActiveCfg = Release|Any CPU
		{F921C323-DEE0-4E04-9791-87B9A707F1EF}.Release|Any CPU.Build.0 = Release|Any CPU
		{F921C323-DEE0-4E04-9791-87B9A707F1EF}.Release|x64.ActiveCfg = Release|Any CPU
		{F921C323-DEE0-4E04-9791-87B9A707F1EF}.Release|x64.Build.0 = Release|Any CPU
		{7B4B2D74-8E0B-453D-82C8-A2A8C0CA5C52}.Debug|Any CPU.ActiveCfg = Debug|Any CPU
		{7B4B2D74-8E0B-453D-82C8-A2A8C0CA5C52}.Debug|Any CPU.Build.0 = Debug|Any CPU
		{7B4B2D74-8E0B-453D-82C8-A2A8C0CA5C52}.Debug|x64.ActiveCfg = Debug|Any CPU
		{7B4B2D74-8E0B-453D-82C8-A2A8C0CA5C52}.Debug|x64.Build.0 = Debug|Any CPU
		{7B4B2D74-8E0B-453D-82C8-A2A8C0CA5C52}.Release|Any CPU.ActiveCfg = Release|Any CPU
		{7B4B2D74-8E0B-453D-82C8-A2A8C0CA5C52}.Release|Any CPU.Build.0 = Release|Any CPU
		{7B4B2D74-8E0B-453D-82C8-A2A8C0CA5C52}.Release|x64.ActiveCfg = Release|Any CPU
		{7B4B2D74-8E0B-453D-82C8-A2A8C0CA5C52}.Release|x64.Build.0 = Release|Any CPU
		{703EAC34-46A5-4B21-868E-7915B471C4F7}.Debug|Any CPU.ActiveCfg = Debug|Any CPU
		{703EAC34-46A5-4B21-868E-7915B471C4F7}.Debug|Any CPU.Build.0 = Debug|Any CPU
		{703EAC34-46A5-4B21-868E-7915B471C4F7}.Debug|x64.ActiveCfg = Debug|Any CPU
		{703EAC34-46A5-4B21-868E-7915B471C4F7}.Debug|x64.Build.0 = Debug|Any CPU
		{703EAC34-46A5-4B21-868E-7915B471C4F7}.Release|Any CPU.ActiveCfg = Release|Any CPU
		{703EAC34-46A5-4B21-868E-7915B471C4F7}.Release|Any CPU.Build.0 = Release|Any CPU
		{703EAC34-46A5-4B21-868E-7915B471C4F7}.Release|x64.ActiveCfg = Release|Any CPU
		{703EAC34-46A5-4B21-868E-7915B471C4F7}.Release|x64.Build.0 = Release|Any CPU
		{0F76A198-AF14-4001-B0AA-496A996CCC37}.Debug|Any CPU.ActiveCfg = Debug|Any CPU
		{0F76A198-AF14-4001-B0AA-496A996CCC37}.Debug|Any CPU.Build.0 = Debug|Any CPU
		{0F76A198-AF14-4001-B0AA-496A996CCC37}.Debug|x64.ActiveCfg = Debug|Any CPU
		{0F76A198-AF14-4001-B0AA-496A996CCC37}.Debug|x64.Build.0 = Debug|Any CPU
		{0F76A198-AF14-4001-B0AA-496A996CCC37}.Release|Any CPU.ActiveCfg = Release|Any CPU
		{0F76A198-AF14-4001-B0AA-496A996CCC37}.Release|Any CPU.Build.0 = Release|Any CPU
		{0F76A198-AF14-4001-B0AA-496A996CCC37}.Release|x64.ActiveCfg = Release|Any CPU
		{0F76A198-AF14-4001-B0AA-496A996CCC37}.Release|x64.Build.0 = Release|Any CPU
		{594355B1-42E8-4229-BB83-16FB06DC588A}.Debug|Any CPU.ActiveCfg = Debug|Any CPU
		{594355B1-42E8-4229-BB83-16FB06DC588A}.Debug|Any CPU.Build.0 = Debug|Any CPU
		{594355B1-42E8-4229-BB83-16FB06DC588A}.Debug|x64.ActiveCfg = Debug|Any CPU
		{594355B1-42E8-4229-BB83-16FB06DC588A}.Debug|x64.Build.0 = Debug|Any CPU
		{594355B1-42E8-4229-BB83-16FB06DC588A}.Release|Any CPU.ActiveCfg = Release|Any CPU
		{594355B1-42E8-4229-BB83-16FB06DC588A}.Release|Any CPU.Build.0 = Release|Any CPU
		{594355B1-42E8-4229-BB83-16FB06DC588A}.Release|x64.ActiveCfg = Release|Any CPU
		{594355B1-42E8-4229-BB83-16FB06DC588A}.Release|x64.Build.0 = Release|Any CPU
		{841529BE-E01A-4C95-B319-47707D6BF15E}.Debug|Any CPU.ActiveCfg = Debug|Any CPU
		{841529BE-E01A-4C95-B319-47707D6BF15E}.Debug|Any CPU.Build.0 = Debug|Any CPU
		{841529BE-E01A-4C95-B319-47707D6BF15E}.Debug|x64.ActiveCfg = Debug|Any CPU
		{841529BE-E01A-4C95-B319-47707D6BF15E}.Debug|x64.Build.0 = Debug|Any CPU
		{841529BE-E01A-4C95-B319-47707D6BF15E}.Release|Any CPU.ActiveCfg = Release|Any CPU
		{841529BE-E01A-4C95-B319-47707D6BF15E}.Release|Any CPU.Build.0 = Release|Any CPU
		{841529BE-E01A-4C95-B319-47707D6BF15E}.Release|x64.ActiveCfg = Release|Any CPU
		{841529BE-E01A-4C95-B319-47707D6BF15E}.Release|x64.Build.0 = Release|Any CPU
		{7127DC3C-3BC7-43AE-9CE7-5DF17C866CEE}.Debug|Any CPU.ActiveCfg = Debug|Any CPU
		{7127DC3C-3BC7-43AE-9CE7-5DF17C866CEE}.Debug|Any CPU.Build.0 = Debug|Any CPU
		{7127DC3C-3BC7-43AE-9CE7-5DF17C866CEE}.Debug|x64.ActiveCfg = Debug|Any CPU
		{7127DC3C-3BC7-43AE-9CE7-5DF17C866CEE}.Debug|x64.Build.0 = Debug|Any CPU
		{7127DC3C-3BC7-43AE-9CE7-5DF17C866CEE}.Release|Any CPU.ActiveCfg = Release|Any CPU
		{7127DC3C-3BC7-43AE-9CE7-5DF17C866CEE}.Release|Any CPU.Build.0 = Release|Any CPU
		{7127DC3C-3BC7-43AE-9CE7-5DF17C866CEE}.Release|x64.ActiveCfg = Release|Any CPU
		{7127DC3C-3BC7-43AE-9CE7-5DF17C866CEE}.Release|x64.Build.0 = Release|Any CPU
		{A8B53DF4-6675-4DC9-9AC7-BB6D91190516}.Debug|Any CPU.ActiveCfg = Debug|Any CPU
		{A8B53DF4-6675-4DC9-9AC7-BB6D91190516}.Debug|Any CPU.Build.0 = Debug|Any CPU
		{A8B53DF4-6675-4DC9-9AC7-BB6D91190516}.Debug|x64.ActiveCfg = Debug|Any CPU
		{A8B53DF4-6675-4DC9-9AC7-BB6D91190516}.Debug|x64.Build.0 = Debug|Any CPU
		{A8B53DF4-6675-4DC9-9AC7-BB6D91190516}.Release|Any CPU.ActiveCfg = Release|Any CPU
		{A8B53DF4-6675-4DC9-9AC7-BB6D91190516}.Release|Any CPU.Build.0 = Release|Any CPU
		{A8B53DF4-6675-4DC9-9AC7-BB6D91190516}.Release|x64.ActiveCfg = Release|Any CPU
		{A8B53DF4-6675-4DC9-9AC7-BB6D91190516}.Release|x64.Build.0 = Release|Any CPU
		{3571FDA9-42DE-4607-843C-1FD7AFADAD2A}.Debug|Any CPU.ActiveCfg = Debug|Any CPU
		{3571FDA9-42DE-4607-843C-1FD7AFADAD2A}.Debug|Any CPU.Build.0 = Debug|Any CPU
		{3571FDA9-42DE-4607-843C-1FD7AFADAD2A}.Debug|x64.ActiveCfg = Debug|Any CPU
		{3571FDA9-42DE-4607-843C-1FD7AFADAD2A}.Debug|x64.Build.0 = Debug|Any CPU
		{3571FDA9-42DE-4607-843C-1FD7AFADAD2A}.Release|Any CPU.ActiveCfg = Release|Any CPU
		{3571FDA9-42DE-4607-843C-1FD7AFADAD2A}.Release|Any CPU.Build.0 = Release|Any CPU
		{3571FDA9-42DE-4607-843C-1FD7AFADAD2A}.Release|x64.ActiveCfg = Release|Any CPU
		{3571FDA9-42DE-4607-843C-1FD7AFADAD2A}.Release|x64.Build.0 = Release|Any CPU
	EndGlobalSection
	GlobalSection(SolutionProperties) = preSolution
		HideSolutionNode = FALSE
	EndGlobalSection
	GlobalSection(NestedProjects) = preSolution
		{7B4B2D74-8E0B-453D-82C8-A2A8C0CA5C52} = {243432E2-43CC-4662-81F0-30F032DBDD31}
		{703EAC34-46A5-4B21-868E-7915B471C4F7} = {243432E2-43CC-4662-81F0-30F032DBDD31}
		{0F76A198-AF14-4001-B0AA-496A996CCC37} = {445FD5D1-0BFA-45F5-A21E-88907B57FEA0}
		{594355B1-42E8-4229-BB83-16FB06DC588A} = {9DADA789-44E1-442F-A47C-335462BA969D}
		{841529BE-E01A-4C95-B319-47707D6BF15E} = {445FD5D1-0BFA-45F5-A21E-88907B57FEA0}
		{7127DC3C-3BC7-43AE-9CE7-5DF17C866CEE} = {445FD5D1-0BFA-45F5-A21E-88907B57FEA0}
		{A8B53DF4-6675-4DC9-9AC7-BB6D91190516} = {445FD5D1-0BFA-45F5-A21E-88907B57FEA0}
		{3571FDA9-42DE-4607-843C-1FD7AFADAD2A} = {9DADA789-44E1-442F-A47C-335462BA969D}
	EndGlobalSection
	GlobalSection(ExtensibilityGlobals) = postSolution
		SolutionGuid = {A0298EB4-FF68-4892-89E0-B8F23A41924D}
	EndGlobalSection
EndGlobal
