
Microsoft Visual Studio Solution File, Format Version 12.00
# Visual Studio Version 16
VisualStudioVersion = 16.0.30128.74
MinimumVisualStudioVersion = 10.0.40219.1
Project("{F2A71F9B-5D33-465A-A702-920D77279786}") = "RailwayEmulator", "RailwayEmulator\RailwayEmulator.fsproj", "{004E94D6-0CF6-415C-B261-BC80D1C2717B}"
EndProject
Global
	GlobalSection(SolutionConfigurationPlatforms) = preSolution
		Debug|Any CPU = Debug|Any CPU
		Release|Any CPU = Release|Any CPU
	EndGlobalSection
	GlobalSection(ProjectConfigurationPlatforms) = postSolution
		{004E94D6-0CF6-415C-B261-BC80D1C2717B}.Debug|Any CPU.ActiveCfg = Debug|Any CPU
		{004E94D6-0CF6-415C-B261-BC80D1C2717B}.Debug|Any CPU.Build.0 = Debug|Any CPU
		{004E94D6-0CF6-415C-B261-BC80D1C2717B}.Release|Any CPU.ActiveCfg = Release|Any CPU
		{004E94D6-0CF6-415C-B261-BC80D1C2717B}.Release|Any CPU.Build.0 = Release|Any CPU
	EndGlobalSection
	GlobalSection(SolutionProperties) = preSolution
		HideSolutionNode = FALSE
	EndGlobalSection
	GlobalSection(ExtensibilityGlobals) = postSolution
		SolutionGuid = {134F177A-4C31-45CD-A61B-695470625B0A}
	EndGlobalSection
EndGlobal
